
Microsoft Visual Studio Solution File, Format Version 12.00
# Visual Studio Version 17
VisualStudioVersion = 17.3.32922.545
MinimumVisualStudioVersion = 10.0.40219.1
Project("{FAE04EC0-301F-11D3-BF4B-00C04F79EFBC}") = "ExampleAPI", "ExampleAPI\ExampleAPI.csproj", "{C1DBDC7C-195C-49A1-9FB9-9E40C734CFA4}"
EndProject
Global
	GlobalSection(SolutionConfigurationPlatforms) = preSolution
		Debug|Any CPU = Debug|Any CPU
		Release|Any CPU = Release|Any CPU
	EndGlobalSection
	GlobalSection(ProjectConfigurationPlatforms) = postSolution
		{C1DBDC7C-195C-49A1-9FB9-9E40C734CFA4}.Debug|Any CPU.ActiveCfg = Debug|Any CPU
		{C1DBDC7C-195C-49A1-9FB9-9E40C734CFA4}.Debug|Any CPU.Build.0 = Debug|Any CPU
		{C1DBDC7C-195C-49A1-9FB9-9E40C734CFA4}.Release|Any CPU.ActiveCfg = Release|Any CPU
		{C1DBDC7C-195C-49A1-9FB9-9E40C734CFA4}.Release|Any CPU.Build.0 = Release|Any CPU
	EndGlobalSection
	GlobalSection(SolutionProperties) = preSolution
		HideSolutionNode = FALSE
	EndGlobalSection
	GlobalSection(ExtensibilityGlobals) = postSolution
		SolutionGuid = {59459CE0-F969-46E1-954E-5AB6698BB91E}
	EndGlobalSection
EndGlobal
